
Microsoft Visual Studio Solution File, Format Version 12.00
# Visual Studio Version 17
VisualStudioVersion = 17.8.34408.163
MinimumVisualStudioVersion = 10.0.40219.1
Project("{FAE04EC0-301F-11D3-BF4B-00C04F79EFBC}") = "Gallows", "Gallows\Gallows.csproj", "{FC14F4B3-2887-41F0-BEBC-D966B32F21FE}"
EndProject
Global
	GlobalSection(SolutionConfigurationPlatforms) = preSolution
		Debug|Any CPU = Debug|Any CPU
		Release|Any CPU = Release|Any CPU
	EndGlobalSection
	GlobalSection(ProjectConfigurationPlatforms) = postSolution
		{FC14F4B3-2887-41F0-BEBC-D966B32F21FE}.Debug|Any CPU.ActiveCfg = Debug|Any CPU
		{FC14F4B3-2887-41F0-BEBC-D966B32F21FE}.Debug|Any CPU.Build.0 = Debug|Any CPU
		{FC14F4B3-2887-41F0-BEBC-D966B32F21FE}.Release|Any CPU.ActiveCfg = Release|Any CPU
		{FC14F4B3-2887-41F0-BEBC-D966B32F21FE}.Release|Any CPU.Build.0 = Release|Any CPU
	EndGlobalSection
	GlobalSection(SolutionProperties) = preSolution
		HideSolutionNode = FALSE
	EndGlobalSection
	GlobalSection(ExtensibilityGlobals) = postSolution
		SolutionGuid = {FF9ADD39-303B-4326-8302-5E057F64E45F}
	EndGlobalSection
EndGlobal
